{
    "_readme": [
        "This file locks the dependencies of your project to a known state",
        "Read more about it at https://getcomposer.org/doc/01-basic-usage.md#installing-dependencies",
        "This file is @generated automatically"
    ],
    "content-hash": "75178ad16bae41831e9ec98fae270522",
    "packages": [
        {
            "name": "nox7/nox",
            "version": "1.5.2",
            "source": {
                "type": "git",
                "url": "https://github.com/nox7/nox.git",
                "reference": "7906a8a6b90e32fad9c19713387f61c7df5cfef5"
            },
            "dist": {
                "type": "zip",
                "url": "https://api.github.com/repos/nox7/nox/zipball/7906a8a6b90e32fad9c19713387f61c7df5cfef5",
                "reference": "7906a8a6b90e32fad9c19713387f61c7df5cfef5",
                "shasum": ""
            },
            "require": {
                "ext-mysqli": "*",
                "php": ">=8.0"
            },
            "type": "library",
            "autoload": {
                "psr-4": {
                    "Nox\\": "src/"
                }
            },
            "notification-url": "https://packagist.org/downloads/",
            "license": [
                "Apache-2.0"
            ],
            "authors": [
                {
                    "name": "Nox7",
                    "email": "nox7@animetavern.com"
                }
            ],
            "description": "A straightforward and dependency-light web framework with minimal syntax learning curves.",
            "support": {
                "issues": "https://github.com/nox7/nox/issues",
                "source": "https://github.com/nox7/nox/tree/1.5.2"
            },
            "time": "2022-03-31T17:41:16+00:00"
        }
    ],
    "packages-dev": [],
    "aliases": [],
    "minimum-stability": "beta",
    "stability-flags": [],
    "prefer-stable": false,
    "prefer-lowest": false,
    "platform": {
        "php": ">=8.0",
        "ext-simplexml": "*"
    },
    "platform-dev": [],
    "plugin-api-version": "2.1.0"
}
