{
    "_readme": [
        "This file locks the dependencies of your project to a known state",
        "Read more about it at https://getcomposer.org/doc/01-basic-usage.md#installing-dependencies",
        "This file is @generated automatically"
    ],
    "content-hash": "1d0dbbcd2272b4db6e1b1dc764914284",
    "packages": [
        {
            "name": "nox7/nox",
            "version": "1.4.0-beta2",
            "source": {
                "type": "git",
                "url": "https://github.com/nox7/nox.git",
                "reference": "abe249c7bcd3491883d4a2b96e74680aa41c7995"
            },
            "dist": {
                "type": "zip",
                "url": "https://api.github.com/repos/nox7/nox/zipball/abe249c7bcd3491883d4a2b96e74680aa41c7995",
                "reference": "abe249c7bcd3491883d4a2b96e74680aa41c7995",
                "shasum": ""
            },
            "require": {
                "ext-mysqli": "*",
                "php": ">=8.0"
            },
            "type": "library",
            "autoload": {
                "psr-4": {
                    "Nox\\": "src/"
                }
            },
            "notification-url": "https://packagist.org/downloads/",
            "license": [
                "Apache-2.0"
            ],
            "authors": [
                {
                    "name": "Nox7",
                    "email": "nox7@animetavern.com"
                }
            ],
            "description": "A straightforward and dependency-light web framework with minimal syntax learning curves.",
            "support": {
                "issues": "https://github.com/nox7/nox/issues",
                "source": "https://github.com/nox7/nox/tree/1.4.0-beta2"
            },
            "time": "2021-07-21T17:19:20+00:00"
        }
    ],
    "packages-dev": [],
    "aliases": [],
    "minimum-stability": "beta",
    "stability-flags": [],
    "prefer-stable": false,
    "prefer-lowest": false,
    "platform": {
        "php": ">=8.0"
    },
    "platform-dev": [],
    "plugin-api-version": "2.0.0"
}
